
Microsoft Visual Studio Solution File, Format Version 12.00
# Visual Studio Version 17
VisualStudioVersion = 17.0.31903.59
MinimumVisualStudioVersion = 10.0.40219.1
Project("{2150E333-8FDC-42A3-9474-1A3956D46DE8}") = "src", "src", "{827E0CD3-B72D-47B6-A68D-7590B98EB39B}"
EndProject
Project("{FAE04EC0-301F-11D3-BF4B-00C04F79EFBC}") = "AlphaPMS.Domain", "src\AlphaPMS.Domain\AlphaPMS.Domain.csproj", "{0617CFD8-A955-4421-9A10-E9313AF05AE8}"
EndProject
Project("{FAE04EC0-301F-11D3-BF4B-00C04F79EFBC}") = "AlphaPMS.Application", "src\AlphaPMS.Application\AlphaPMS.Application.csproj", "{3D3011EA-2BDB-4706-ADFA-DDF326470AE3}"
EndProject
Project("{FAE04EC0-301F-11D3-BF4B-00C04F79EFBC}") = "AlphaPMS.Infrastructure", "src\AlphaPMS.Infrastructure\AlphaPMS.Infrastructure.csproj", "{134BECE7-66C8-420D-8AD6-E3A4A83249C0}"
EndProject
Project("{FAE04EC0-301F-11D3-BF4B-00C04F79EFBC}") = "AlphaPMS.Api", "src\AlphaPMS.Api\AlphaPMS.Api.csproj", "{45999C7E-8F9D-47CB-AD5B-698AF479279C}"
EndProject
Project("{2150E333-8FDC-42A3-9474-1A3956D46DE8}") = "tests", "tests", "{0AB3BF05-4346-4AA6-1389-037BE0695223}"
EndProject
Project("{FAE04EC0-301F-11D3-BF4B-00C04F79EFBC}") = "AlphaPMS.Domain.Tests", "tests\AlphaPMS.Domain.Tests\AlphaPMS.Domain.Tests.csproj", "{B3FFA92C-5E43-400F-8EF6-09503BB1F9C7}"
EndProject
Project("{FAE04EC0-301F-11D3-BF4B-00C04F79EFBC}") = "AlphaPMS.Application.Tests", "tests\AlphaPMS.Application.Tests\AlphaPMS.Application.Tests.csproj", "{B28FB1C1-0CED-4CF4-A349-A87F795D0813}"
EndProject
Project("{FAE04EC0-301F-11D3-BF4B-00C04F79EFBC}") = "AlphaPMS.IntegrationTests", "tests\AlphaPMS.IntegrationTests\AlphaPMS.IntegrationTests.csproj", "{27EC927E-3DC2-4D3C-BBC2-75DE7044544B}"
EndProject
Global
	GlobalSection(SolutionConfigurationPlatforms) = preSolution
		Debug|Any CPU = Debug|Any CPU
		Debug|x64 = Debug|x64
		Debug|x86 = Debug|x86
		Release|Any CPU = Release|Any CPU
		Release|x64 = Release|x64
		Release|x86 = Release|x86
	EndGlobalSection
	GlobalSection(ProjectConfigurationPlatforms) = postSolution
		{0617CFD8-A955-4421-9A10-E9313AF05AE8}.Debug|Any CPU.ActiveCfg = Debug|Any CPU
		{0617CFD8-A955-4421-9A10-E9313AF05AE8}.Debug|Any CPU.Build.0 = Debug|Any CPU
		{0617CFD8-A955-4421-9A10-E9313AF05AE8}.Debug|x64.ActiveCfg = Debug|Any CPU
		{0617CFD8-A955-4421-9A10-E9313AF05AE8}.Debug|x64.Build.0 = Debug|Any CPU
		{0617CFD8-A955-4421-9A10-E9313AF05AE8}.Debug|x86.ActiveCfg = Debug|Any CPU
		{0617CFD8-A955-4421-9A10-E9313AF05AE8}.Debug|x86.Build.0 = Debug|Any CPU
		{0617CFD8-A955-4421-9A10-E9313AF05AE8}.Release|Any CPU.ActiveCfg = Release|Any CPU
		{0617CFD8-A955-4421-9A10-E9313AF05AE8}.Release|Any CPU.Build.0 = Release|Any CPU
		{0617CFD8-A955-4421-9A10-E9313AF05AE8}.Release|x64.ActiveCfg = Release|Any CPU
		{0617CFD8-A955-4421-9A10-E9313AF05AE8}.Release|x64.Build.0 = Release|Any CPU
		{0617CFD8-A955-4421-9A10-E9313AF05AE8}.Release|x86.ActiveCfg = Release|Any CPU
		{0617CFD8-A955-4421-9A10-E9313AF05AE8}.Release|x86.Build.0 = Release|Any CPU
		{3D3011EA-2BDB-4706-ADFA-DDF326470AE3}.Debug|Any CPU.ActiveCfg = Debug|Any CPU
		{3D3011EA-2BDB-4706-ADFA-DDF326470AE3}.Debug|Any CPU.Build.0 = Debug|Any CPU
		{3D3011EA-2BDB-4706-ADFA-DDF326470AE3}.Debug|x64.ActiveCfg = Debug|Any CPU
		{3D3011EA-2BDB-4706-ADFA-DDF326470AE3}.Debug|x64.Build.0 = Debug|Any CPU
		{3D3011EA-2BDB-4706-ADFA-DDF326470AE3}.Debug|x86.ActiveCfg = Debug|Any CPU
		{3D3011EA-2BDB-4706-ADFA-DDF326470AE3}.Debug|x86.Build.0 = Debug|Any CPU
		{3D3011EA-2BDB-4706-ADFA-DDF326470AE3}.Release|Any CPU.ActiveCfg = Release|Any CPU
		{3D3011EA-2BDB-4706-ADFA-DDF326470AE3}.Release|Any CPU.Build.0 = Release|Any CPU
		{3D3011EA-2BDB-4706-ADFA-DDF326470AE3}.Release|x64.ActiveCfg = Release|Any CPU
		{3D3011EA-2BDB-4706-ADFA-DDF326470AE3}.Release|x64.Build.0 = Release|Any CPU
		{3D3011EA-2BDB-4706-ADFA-DDF326470AE3}.Release|x86.ActiveCfg = Release|Any CPU
		{3D3011EA-2BDB-4706-ADFA-DDF326470AE3}.Release|x86.Build.0 = Release|Any CPU
		{134BECE7-66C8-420D-8AD6-E3A4A83249C0}.Debug|Any CPU.ActiveCfg = Debug|Any CPU
		{134BECE7-66C8-420D-8AD6-E3A4A83249C0}.Debug|Any CPU.Build.0 = Debug|Any CPU
		{134BECE7-66C8-420D-8AD6-E3A4A83249C0}.Debug|x64.ActiveCfg = Debug|Any CPU
		{134BECE7-66C8-420D-8AD6-E3A4A83249C0}.Debug|x64.Build.0 = Debug|Any CPU
		{134BECE7-66C8-420D-8AD6-E3A4A83249C0}.Debug|x86.ActiveCfg = Debug|Any CPU
		{134BECE7-66C8-420D-8AD6-E3A4A83249C0}.Debug|x86.Build.0 = Debug|Any CPU
		{134BECE7-66C8-420D-8AD6-E3A4A83249C0}.Release|Any CPU.ActiveCfg = Release|Any CPU
		{134BECE7-66C8-420D-8AD6-E3A4A83249C0}.Release|Any CPU.Build.0 = Release|Any CPU
		{134BECE7-66C8-420D-8AD6-E3A4A83249C0}.Release|x64.ActiveCfg = Release|Any CPU
		{134BECE7-66C8-420D-8AD6-E3A4A83249C0}.Release|x64.Build.0 = Release|Any CPU
		{134BECE7-66C8-420D-8AD6-E3A4A83249C0}.Release|x86.ActiveCfg = Release|Any CPU
		{134BECE7-66C8-420D-8AD6-E3A4A83249C0}.Release|x86.Build.0 = Release|Any CPU
		{45999C7E-8F9D-47CB-AD5B-698AF479279C}.Debug|Any CPU.ActiveCfg = Debug|Any CPU
		{45999C7E-8F9D-47CB-AD5B-698AF479279C}.Debug|Any CPU.Build.0 = Debug|Any CPU
		{45999C7E-8F9D-47CB-AD5B-698AF479279C}.Debug|x64.ActiveCfg = Debug|Any CPU
		{45999C7E-8F9D-47CB-AD5B-698AF479279C}.Debug|x64.Build.0 = Debug|Any CPU
		{45999C7E-8F9D-47CB-AD5B-698AF479279C}.Debug|x86.ActiveCfg = Debug|Any CPU
		{45999C7E-8F9D-47CB-AD5B-698AF479279C}.Debug|x86.Build.0 = Debug|Any CPU
		{45999C7E-8F9D-47CB-AD5B-698AF479279C}.Release|Any CPU.ActiveCfg = Release|Any CPU
		{45999C7E-8F9D-47CB-AD5B-698AF479279C}.Release|Any CPU.Build.0 = Release|Any CPU
		{45999C7E-8F9D-47CB-AD5B-698AF479279C}.Release|x64.ActiveCfg = Release|Any CPU
		{45999C7E-8F9D-47CB-AD5B-698AF479279C}.Release|x64.Build.0 = Release|Any CPU
		{45999C7E-8F9D-47CB-AD5B-698AF479279C}.Release|x86.ActiveCfg = Release|Any CPU
		{45999C7E-8F9D-47CB-AD5B-698AF479279C}.Release|x86.Build.0 = Release|Any CPU
		{B3FFA92C-5E43-400F-8EF6-09503BB1F9C7}.Debug|Any CPU.ActiveCfg = Debug|Any CPU
		{B3FFA92C-5E43-400F-8EF6-09503BB1F9C7}.Debug|Any CPU.Build.0 = Debug|Any CPU
		{B3FFA92C-5E43-400F-8EF6-09503BB1F9C7}.Debug|x64.ActiveCfg = Debug|Any CPU
		{B3FFA92C-5E43-400F-8EF6-09503BB1F9C7}.Debug|x64.Build.0 = Debug|Any CPU
		{B3FFA92C-5E43-400F-8EF6-09503BB1F9C7}.Debug|x86.ActiveCfg = Debug|Any CPU
		{B3FFA92C-5E43-400F-8EF6-09503BB1F9C7}.Debug|x86.Build.0 = Debug|Any CPU
		{B3FFA92C-5E43-400F-8EF6-09503BB1F9C7}.Release|Any CPU.ActiveCfg = Release|Any CPU
		{B3FFA92C-5E43-400F-8EF6-09503BB1F9C7}.Release|Any CPU.Build.0 = Release|Any CPU
		{B3FFA92C-5E43-400F-8EF6-09503BB1F9C7}.Release|x64.ActiveCfg = Release|Any CPU
		{B3FFA92C-5E43-400F-8EF6-09503BB1F9C7}.Release|x64.Build.0 = Release|Any CPU
		{B3FFA92C-5E43-400F-8EF6-09503BB1F9C7}.Release|x86.ActiveCfg = Release|Any CPU
		{B3FFA92C-5E43-400F-8EF6-09503BB1F9C7}.Release|x86.Build.0 = Release|Any CPU
		{B28FB1C1-0CED-4CF4-A349-A87F795D0813}.Debug|Any CPU.ActiveCfg = Debug|Any CPU
		{B28FB1C1-0CED-4CF4-A349-A87F795D0813}.Debug|Any CPU.Build.0 = Debug|Any CPU
		{B28FB1C1-0CED-4CF4-A349-A87F795D0813}.Debug|x64.ActiveCfg = Debug|Any CPU
		{B28FB1C1-0CED-4CF4-A349-A87F795D0813}.Debug|x64.Build.0 = Debug|Any CPU
		{B28FB1C1-0CED-4CF4-A349-A87F795D0813}.Debug|x86.ActiveCfg = Debug|Any CPU
		{B28FB1C1-0CED-4CF4-A349-A87F795D0813}.Debug|x86.Build.0 = Debug|Any CPU
		{B28FB1C1-0CED-4CF4-A349-A87F795D0813}.Release|Any CPU.ActiveCfg = Release|Any CPU
		{B28FB1C1-0CED-4CF4-A349-A87F795D0813}.Release|Any CPU.Build.0 = Release|Any CPU
		{B28FB1C1-0CED-4CF4-A349-A87F795D0813}.Release|x64.ActiveCfg = Release|Any CPU
		{B28FB1C1-0CED-4CF4-A349-A87F795D0813}.Release|x64.Build.0 = Release|Any CPU
		{B28FB1C1-0CED-4CF4-A349-A87F795D0813}.Release|x86.ActiveCfg = Release|Any CPU
		{B28FB1C1-0CED-4CF4-A349-A87F795D0813}.Release|x86.Build.0 = Release|Any CPU
		{27EC927E-3DC2-4D3C-BBC2-75DE7044544B}.Debug|Any CPU.ActiveCfg = Debug|Any CPU
		{27EC927E-3DC2-4D3C-BBC2-75DE7044544B}.Debug|Any CPU.Build.0 = Debug|Any CPU
		{27EC927E-3DC2-4D3C-BBC2-75DE7044544B}.Debug|x64.ActiveCfg = Debug|Any CPU
		{27EC927E-3DC2-4D3C-BBC2-75DE7044544B}.Debug|x64.Build.0 = Debug|Any CPU
		{27EC927E-3DC2-4D3C-BBC2-75DE7044544B}.Debug|x86.ActiveCfg = Debug|Any CPU
		{27EC927E-3DC2-4D3C-BBC2-75DE7044544B}.Debug|x86.Build.0 = Debug|Any CPU
		{27EC927E-3DC2-4D3C-BBC2-75DE7044544B}.Release|Any CPU.ActiveCfg = Release|Any CPU
		{27EC927E-3DC2-4D3C-BBC2-75DE7044544B}.Release|Any CPU.Build.0 = Release|Any CPU
		{27EC927E-3DC2-4D3C-BBC2-75DE7044544B}.Release|x64.ActiveCfg = Release|Any CPU
		{27EC927E-3DC2-4D3C-BBC2-75DE7044544B}.Release|x64.Build.0 = Release|Any CPU
		{27EC927E-3DC2-4D3C-BBC2-75DE7044544B}.Release|x86.ActiveCfg = Release|Any CPU
		{27EC927E-3DC2-4D3C-BBC2-75DE7044544B}.Release|x86.Build.0 = Release|Any CPU
	EndGlobalSection
	GlobalSection(SolutionProperties) = preSolution
		HideSolutionNode = FALSE
	EndGlobalSection
	GlobalSection(NestedProjects) = preSolution
		{0617CFD8-A955-4421-9A10-E9313AF05AE8} = {827E0CD3-B72D-47B6-A68D-7590B98EB39B}
		{3D3011EA-2BDB-4706-ADFA-DDF326470AE3} = {827E0CD3-B72D-47B6-A68D-7590B98EB39B}
		{134BECE7-66C8-420D-8AD6-E3A4A83249C0} = {827E0CD3-B72D-47B6-A68D-7590B98EB39B}
		{45999C7E-8F9D-47CB-AD5B-698AF479279C} = {827E0CD3-B72D-47B6-A68D-7590B98EB39B}
		{B3FFA92C-5E43-400F-8EF6-09503BB1F9C7} = {0AB3BF05-4346-4AA6-1389-037BE0695223}
		{B28FB1C1-0CED-4CF4-A349-A87F795D0813} = {0AB3BF05-4346-4AA6-1389-037BE0695223}
		{27EC927E-3DC2-4D3C-BBC2-75DE7044544B} = {0AB3BF05-4346-4AA6-1389-037BE0695223}
	EndGlobalSection
EndGlobal
